dependencies:
  js-yaml: 3.14.0
  jshint: 2.11.1
devDependencies:
  '@types/eslint': 7.2.0
  '@types/js-yaml': 3.12.5
  '@typescript-eslint/eslint-plugin': 3.7.0_a7d792035c43f2b80bcf395c5516fe5c
  '@typescript-eslint/parser': 3.7.0_eslint@7.5.0+typescript@3.9.7
  eslint: 7.5.0
  eslint-plugin-eslint-plugin: 2.3.0_eslint@7.5.0
  eslint-plugin-json: 2.1.1
  eslint-plugin-only-warn: 1.0.2
  prettier: 2.0.5
  tslint: 6.1.2_typescript@3.9.7
  typescript: 3.9.7
lockfileVersion: 5.1
packages:
  /@babel/code-frame/7.10.4:
    dependencies:
      '@babel/highlight': 7.10.4
    dev: true
    resolution:
      integrity: sha512-vG6SvB6oYEhvgisZNFRmRCUkLz11c7rp+tbNTynGqc6mS1d5ATd/sGyV6W0KZZnXRKMTzZDRgQT3Ou9jhpAfUg==
  /@babel/helper-validator-identifier/7.10.4:
    dev: true
    resolution:
      integrity: sha512-3U9y+43hz7ZM+rzG24Qe2mufW5KhvFg/NhnNph+i9mgCtdTCtMJuI1TMkrIUiK7Ix4PYlRF9I5dhqaLYA/ADXw==
  /@babel/highlight/7.10.4:
    dependencies:
      '@babel/helper-validator-identifier': 7.10.4
      chalk: 2.4.2
      js-tokens: 4.0.0
    dev: true
    resolution:
      integrity: sha512-i6rgnR/YgPEQzZZnbTHHuZdlE8qyoBNalD6F+q4vAFlcMEcqmkoG+mPqJYJCo63qPf74+Y1UZsl3l6f7/RIkmA==
  /@types/color-name/1.1.1:
    dev: true
    resolution:
      integrity: sha512-rr+OQyAjxze7GgWrSaJwydHStIhHq2lvY3BOC2Mj7KnzI7XK0Uw1TOOdI9lDoajEbSWLiYgoo4f1R51erQfhPQ==
  /@types/eslint-visitor-keys/1.0.0:
    dev: true
    resolution:
      integrity: sha512-OCutwjDZ4aFS6PB1UZ988C4YgwlBHJd6wCeQqaLdmadZ/7e+w79+hbMUFC1QXDNCmdyoRfAFdm0RypzwR+Qpag==
  /@types/eslint/7.2.0:
    dependencies:
      '@types/estree': 0.0.45
      '@types/json-schema': 7.0.5
    dev: true
    resolution:
      integrity: sha512-LpUXkr7fnmPXWGxB0ZuLEzNeTURuHPavkC5zuU4sg62/TgL5ZEjamr5Y8b6AftwHtx2bPJasI+CL0TT2JwQ7aA==
  /@types/estree/0.0.45:
    dev: true
    resolution:
      integrity: sha512-jnqIUKDUqJbDIUxm0Uj7bnlMnRm1T/eZ9N+AVMqhPgzrba2GhGG5o/jCTwmdPK709nEZsGoMzXEDUjcXHa3W0g==
  /@types/js-yaml/3.12.5:
    dev: true
    resolution:
      integrity: sha512-JCcp6J0GV66Y4ZMDAQCXot4xprYB+Zfd3meK9+INSJeVZwJmHAW30BBEEkPzXswMXuiyReUGOP3GxrADc9wPww==
  /@types/json-schema/7.0.5:
    dev: true
    resolution:
      integrity: sha512-7+2BITlgjgDhH0vvwZU/HZJVyk+2XUlvxXe8dFMedNX/aMkaOq++rMAFXc0tM7ij15QaWlbdQASBR9dihi+bDQ==
  /@typescript-eslint/eslint-plugin/3.7.0_a7d792035c43f2b80bcf395c5516fe5c:
    dependencies:
      '@typescript-eslint/experimental-utils': 3.7.0_eslint@7.5.0+typescript@3.9.7
      '@typescript-eslint/parser': 3.7.0_eslint@7.5.0+typescript@3.9.7
      debug: 4.1.1
      eslint: 7.5.0
      functional-red-black-tree: 1.0.1
      regexpp: 3.1.0
      semver: 7.3.2
      tsutils: 3.17.1_typescript@3.9.7
      typescript: 3.9.7
    dev: true
    engines:
      node: ^10.12.0 || >=12.0.0
    peerDependencies:
      '@typescript-eslint/parser': ^3.0.0
      eslint: ^5.0.0 || ^6.0.0 || ^7.0.0
      typescript: '*'
    peerDependenciesMeta:
      typescript:
        optional: true
    resolution:
      integrity: sha512-4OEcPON3QIx0ntsuiuFP/TkldmBGXf0uKxPQlGtS/W2F3ndYm8Vgdpj/woPJkzUc65gd3iR+qi3K8SDQP/obFg==
  /@typescript-eslint/experimental-utils/3.7.0_eslint@7.5.0+typescript@3.9.7:
    dependencies:
      '@types/json-schema': 7.0.5
      '@typescript-eslint/types': 3.7.0
      '@typescript-eslint/typescript-estree': 3.7.0_typescript@3.9.7
      eslint: 7.5.0
      eslint-scope: 5.1.0
      eslint-utils: 2.1.0
    dev: true
    engines:
      node: ^10.12.0 || >=12.0.0
    peerDependencies:
      eslint: '*'
      typescript: '*'
    resolution:
      integrity: sha512-xpfXXAfZqhhqs5RPQBfAFrWDHoNxD5+sVB5A46TF58Bq1hRfVROrWHcQHHUM9aCBdy9+cwATcvCbRg8aIRbaHQ==
  /@typescript-eslint/parser/3.7.0_eslint@7.5.0+typescript@3.9.7:
    dependencies:
      '@types/eslint-visitor-keys': 1.0.0
      '@typescript-eslint/experimental-utils': 3.7.0_eslint@7.5.0+typescript@3.9.7
      '@typescript-eslint/types': 3.7.0
      '@typescript-eslint/typescript-estree': 3.7.0_typescript@3.9.7
      eslint: 7.5.0
      eslint-visitor-keys: 1.3.0
      typescript: 3.9.7
    dev: true
    engines:
      node: ^10.12.0 || >=12.0.0
    peerDependencies:
      eslint: ^5.0.0 || ^6.0.0 || ^7.0.0
      typescript: '*'
    peerDependenciesMeta:
      typescript:
        optional: true
    resolution:
      integrity: sha512-2LZauVUt7jAWkcIW7djUc3kyW+fSarNEuM3RF2JdLHR9BfX/nDEnyA4/uWz0wseoWVZbDXDF7iF9Jc342flNqQ==
  /@typescript-eslint/types/3.7.0:
    dev: true
    engines:
      node: ^8.10.0 || ^10.13.0 || >=11.10.1
    resolution:
      integrity: sha512-reCaK+hyKkKF+itoylAnLzFeNYAEktB0XVfSQvf0gcVgpz1l49Lt6Vo9x4MVCCxiDydA0iLAjTF/ODH0pbfnpg==
  /@typescript-eslint/typescript-estree/3.7.0_typescript@3.9.7:
    dependencies:
      '@typescript-eslint/types': 3.7.0
      '@typescript-eslint/visitor-keys': 3.7.0
      debug: 4.1.1
      glob: 7.1.6
      is-glob: 4.0.1
      lodash: 4.17.19
      semver: 7.3.2
      tsutils: 3.17.1_typescript@3.9.7
      typescript: 3.9.7
    dev: true
    engines:
      node: ^10.12.0 || >=12.0.0
    peerDependencies:
      typescript: '*'
    peerDependenciesMeta:
      typescript:
        optional: true
    resolution:
      integrity: sha512-xr5oobkYRebejlACGr1TJ0Z/r0a2/HUf0SXqPvlgUMwiMqOCu/J+/Dr9U3T0IxpE5oLFSkqMx1FE/dKaZ8KsOQ==
  /@typescript-eslint/visitor-keys/3.7.0:
    dependencies:
      eslint-visitor-keys: 1.3.0
    dev: true
    engines:
      node: ^8.10.0 || ^10.13.0 || >=11.10.1
    resolution:
      integrity: sha512-k5PiZdB4vklUpUX4NBncn5RBKty8G3ihTY+hqJsCdMuD0v4jofI5xuqwnVcWxfv6iTm2P/dfEa2wMUnsUY8ODw==
  /acorn-jsx/5.2.0_acorn@7.3.1:
    dependencies:
      acorn: 7.3.1
    dev: true
    peerDependencies:
      acorn: ^6.0.0 || ^7.0.0
    resolution:
      integrity: sha512-HiUX/+K2YpkpJ+SzBffkM/AQ2YE03S0U1kjTLVpoJdhZMOWy8qvXVN9JdLqv2QsaQ6MPYQIuNmwD8zOiYUofLQ==
  /acorn/7.3.1:
    dev: true
    engines:
      node: '>=0.4.0'
    hasBin: true
    resolution:
      integrity: sha512-tLc0wSnatxAQHVHUapaHdz72pi9KUyHjq5KyHjGg9Y8Ifdc79pTh2XvI6I1/chZbnM7QtNKzh66ooDogPZSleA==
  /ajv/6.12.3:
    dependencies:
      fast-deep-equal: 3.1.3
      fast-json-stable-stringify: 2.1.0
      json-schema-traverse: 0.4.1
      uri-js: 4.2.2
    dev: true
    resolution:
      integrity: sha512-4K0cK3L1hsqk9xIb2z9vs/XU+PGJZ9PNpJRDS9YLzmNdX6jmVPfamLvTJr0aDAusnHyCHO6MjzlkAsgtqp9teA==
  /ansi-colors/4.1.1:
    dev: true
    engines:
      node: '>=6'
    resolution:
      integrity: sha512-JoX0apGbHaUJBNl6yF+p6JAFYZ666/hhCGKN5t9QFjbJQKUU/g8MNbFDbvfrgKXvI1QpZplPOnwIo99lX/AAmA==
  /ansi-regex/4.1.0:
    dev: true
    engines:
      node: '>=6'
    resolution:
      integrity: sha512-1apePfXM1UOSqw0o9IiFAovVz9M5S1Dg+4TrDwfMewQ6p/rmMueb7tWZjQ1rx4Loy1ArBggoqGpfqqdI4rondg==
  /ansi-regex/5.0.0:
    dev: true
    engines:
      node: '>=8'
    resolution:
      integrity: sha512-bY6fj56OUQ0hU1KjFNDQuJFezqKdrAyFdIevADiqrWHwSlbmBNMHp5ak2f40Pm8JTFyM2mqxkG6ngkHO11f/lg==
  /ansi-styles/3.2.1:
    dependencies:
      color-convert: 1.9.3
    dev: true
    engines:
      node: '>=4'
    resolution:
      integrity: sha512-VT0ZI6kZRdTh8YyJw3SMbYm/u+NqfsAxEpWO0Pf9sq8/e94WxxOpPKx9FR1FlyCtOVDNOQ+8ntlqFxiRc+r5qA==
  /ansi-styles/4.2.1:
    dependencies:
      '@types/color-name': 1.1.1
      color-convert: 2.0.1
    dev: true
    engines:
      node: '>=8'
    resolution:
      integrity: sha512-9VGjrMsG1vePxcSweQsN20KY/c4zN0h9fLjqAbwbPfahM3t+NL+M9HC8xeXG2I8pX5NoamTGNuomEUFI7fcUjA==
  /argparse/1.0.10:
    dependencies:
      sprintf-js: 1.0.3
    resolution:
      integrity: sha512-o5Roy6tNG4SL/FOkCAN6RzjiakZS25RLYFrcMttJqbdd8BWrnA+fGz57iN5Pb06pvBGvl5gQ0B48dJlslXvoTg==
  /astral-regex/1.0.0:
    dev: true
    engines:
      node: '>=4'
    resolution:
      integrity: sha512-+Ryf6g3BKoRc7jfp7ad8tM4TtMiaWvbF/1/sQcZPkkS7ag3D5nMBCe2UfOTONtAkaG0tO0ij3C5Lwmf1EiyjHg==
  /balanced-match/1.0.0:
    resolution:
      integrity: sha1-ibTRmasr7kneFk6gK4nORi1xt2c=
  /brace-expansion/1.1.11:
    dependencies:
      balanced-match: 1.0.0
      concat-map: 0.0.1
    resolution:
      integrity: sha512-iCuPHDFgrHX7H2vEI/5xpz07zSHB00TpugqhmYtVmMO6518mCuRMoOYFldEBl0g187ufozdaHgWKcYFb61qGiA==
  /builtin-modules/1.1.1:
    dev: true
    engines:
      node: '>=0.10.0'
    resolution:
      integrity: sha1-Jw8HbFpywC9bZaR9+Uxf46J4iS8=
  /callsites/3.1.0:
    dev: true
    engines:
      node: '>=6'
    resolution:
      integrity: sha512-P8BjAsXvZS+VIDUI11hHCQEv74YT67YUi5JJFNWIqL235sBmjX4+qx9Muvls5ivyNENctx46xQLQ3aTuE7ssaQ==
  /chalk/2.4.2:
    dependencies:
      ansi-styles: 3.2.1
      escape-string-regexp: 1.0.5
      supports-color: 5.5.0
    dev: true
    engines:
      node: '>=4'
    resolution:
      integrity: sha512-Mti+f9lpJNcwF4tWV8/OrTTtF1gZi+f8FqlyAdouralcFWFQWF2+NgCHShjkCb+IFBLq9buZwE1xckQU4peSuQ==
  /chalk/4.1.0:
    dependencies:
      ansi-styles: 4.2.1
      supports-color: 7.1.0
    dev: true
    engines:
      node: '>=10'
    resolution:
      integrity: sha512-qwx12AxXe2Q5xQ43Ac//I6v5aXTipYrSESdOgzrN+9XjgEpyjpKuvSGaN4qE93f7TQTlerQQ8S+EQ0EyDoVL1A==
  /cli/1.0.1:
    dependencies:
      exit: 0.1.2
      glob: 7.1.6
    dev: false
    engines:
      node: '>=0.2.5'
    resolution:
      integrity: sha1-IoF1NPJL+klQw01TLUjsvGIbjBQ=
  /color-convert/1.9.3:
    dependencies:
      color-name: 1.1.3
    dev: true
    resolution:
      integrity: sha512-QfAUtd+vFdAtFQcC8CCyYt1fYWxSqAiK2cSD6zDB8N3cpsEBAvRxp9zOGg6G/SHHJYAT88/az/IuDGALsNVbGg==
  /color-convert/2.0.1:
    dependencies:
      color-name: 1.1.4
    dev: true
    engines:
      node: '>=7.0.0'
    resolution:
      integrity: sha512-RRECPsj7iu/xb5oKYcsFHSppFNnsj/52OVTRKb4zP5onXwVF3zVmmToNcOfGC+CRDpfK/U584fMg38ZHCaElKQ==
  /color-name/1.1.3:
    dev: true
    resolution:
      integrity: sha1-p9BVi9icQveV3UIyj3QIMcpTvCU=
  /color-name/1.1.4:
    dev: true
    resolution:
      integrity: sha512-dOy+3AuW3a2wNbZHIuMZpTcgjGuLU/uBL/ubcZF9OXbDo8ff4O8yVp5Bf0efS8uEoYo5q4Fx7dY9OgQGXgAsQA==
  /commander/2.20.3:
    dev: true
    resolution:
      integrity: sha512-GpVkmM8vF2vQUkj2LvZmD35JxeJOLCwJ9cUkugyk2nuhbv3+mJvpLYYt+0+USMxE+oj+ey/lJEnhZw75x/OMcQ==
  /concat-map/0.0.1:
    resolution:
      integrity: sha1-2Klr13/Wjfd5OnMDajug1UBdR3s=
  /console-browserify/1.1.0:
    dependencies:
      date-now: 0.1.4
    dev: false
    resolution:
      integrity: sha1-8CQcRXMKn8YyOyBtvzjtx0HQuxA=
  /core-util-is/1.0.2:
    dev: false
    resolution:
      integrity: sha1-tf1UIgqivFq1eqtxQMlAdUUDwac=
  /cross-spawn/7.0.3:
    dependencies:
      path-key: 3.1.1
      shebang-command: 2.0.0
      which: 2.0.2
    dev: true
    engines:
      node: '>= 8'
    resolution:
      integrity: sha512-iRDPJKUPVEND7dHPO8rkbOnPpyDygcDFtWjpeWNCgy8WP2rXcxXL8TskReQl6OrB2G7+UJrags1q15Fudc7G6w==
  /date-now/0.1.4:
    dev: false
    resolution:
      integrity: sha1-6vQ5/U1ISK105cx9vvIAZyueNFs=
  /debug/4.1.1:
    dependencies:
      ms: 2.1.2
    dev: true
    resolution:
      integrity: sha512-pYAIzeRo8J6KPEaJ0VWOh5Pzkbw/RetuzehGM7QRRX5he4fPHx2rdKMB256ehJCkX+XRQm16eZLqLNS8RSZXZw==
  /deep-is/0.1.3:
    dev: true
    resolution:
      integrity: sha1-s2nW+128E+7PUk+RsHD+7cNXzzQ=
  /diff/4.0.2:
    dev: true
    engines:
      node: '>=0.3.1'
    resolution:
      integrity: sha512-58lmxKSA4BNyLz+HHMUzlOEpg09FV+ev6ZMe3vJihgdxzgcwZ8VoEEPmALCZG9LmqfVoNMMKpttIYTVG6uDY7A==
  /doctrine/3.0.0:
    dependencies:
      esutils: 2.0.3
    dev: true
    engines:
      node: '>=6.0.0'
    resolution:
      integrity: sha512-yS+Q5i3hBf7GBkd4KG8a7eBNNWNGLTaEwwYWUijIYM7zrlYDM0BFXHjjPWlWZ1Rg7UaddZeIDmi9jF3HmqiQ2w==
  /dom-serializer/0.2.2:
    dependencies:
      domelementtype: 2.0.1
      entities: 2.0.3
    dev: false
    resolution:
      integrity: sha512-2/xPb3ORsQ42nHYiSunXkDjPLBaEj/xTwUO4B7XCZQTRk7EBtTOPaygh10YAAh2OI1Qrp6NWfpAhzswj0ydt9g==
  /domelementtype/1.3.1:
    dev: false
    resolution:
      integrity: sha512-BSKB+TSpMpFI/HOxCNr1O8aMOTZ8hT3pM3GQ0w/mWRmkhEDSFJkkyzz4XQsBV44BChwGkrDfMyjVD0eA2aFV3w==
  /domelementtype/2.0.1:
    dev: false
    resolution:
      integrity: sha512-5HOHUDsYZWV8FGWN0Njbr/Rn7f/eWSQi1v7+HsUVwXgn8nWWlL64zKDkS0n8ZmQ3mlWOMuXOnR+7Nx/5tMO5AQ==
  /domhandler/2.3.0:
    dependencies:
      domelementtype: 1.3.1
    dev: false
    resolution:
      integrity: sha1-LeWaCCLVAn+r/28DLCsloqir5zg=
  /domutils/1.5.1:
    dependencies:
      dom-serializer: 0.2.2
      domelementtype: 1.3.1
    dev: false
    resolution:
      integrity: sha1-3NhIiib1Y9YQeeSMn3t+Mjc2gs8=
  /emoji-regex/7.0.3:
    dev: true
    resolution:
      integrity: sha512-CwBLREIQ7LvYFB0WyRvwhq5N5qPhc6PMjD6bYggFlI5YyDgl+0vxq5VHbMOFqLg7hfWzmu8T5Z1QofhmTIhItA==
  /enquirer/2.3.6:
    dependencies:
      ansi-colors: 4.1.1
    dev: true
    engines:
      node: '>=8.6'
    resolution:
      integrity: sha512-yjNnPr315/FjS4zIsUxYguYUPP2e1NK4d7E7ZOLiyYCcbFBiTMyID+2wvm2w6+pZ/odMA7cRkjhsPbltwBOrLg==
  /entities/1.0.0:
    dev: false
    resolution:
      integrity: sha1-sph6o4ITR/zeZCsk/fyeT7cSvyY=
  /entities/2.0.3:
    dev: false
    resolution:
      integrity: sha512-MyoZ0jgnLvB2X3Lg5HqpFmn1kybDiIfEQmKzTb5apr51Rb+T3KdmMiqa70T+bhGnyv7bQ6WMj2QMHpGMmlrUYQ==
  /escape-string-regexp/1.0.5:
    dev: true
    engines:
      node: '>=0.8.0'
    resolution:
      integrity: sha1-G2HAViGQqN/2rjuyzwIAyhMLhtQ=
  /eslint-plugin-eslint-plugin/2.3.0_eslint@7.5.0:
    dependencies:
      eslint: 7.5.0
    dev: true
    engines:
      node: ^6.14.0 || ^8.10.0 || >=9.10.0
    peerDependencies:
      eslint: '>=5.0.0'
    resolution:
      integrity: sha512-xER9XjfTLrAgoUzPguPKoreDGtXt2vUnwqAqdElNrkcSbl5K1rGtSOmhgbiqCb7UN4spnjNhIZplHMNWY6Kz/w==
  /eslint-plugin-json/2.1.1:
    dependencies:
      lodash: 4.17.19
      vscode-json-languageservice: 3.7.0
    dev: true
    engines:
      node: '>=8.10.0'
    resolution:
      integrity: sha512-Ktsab8ij33V2KFLhh4alC1FYztdmbV32DeMZYYUCZm4kKLW1s4DrleKKgtbAHSJsmshCK5QGOZtfyc2r3jCRsg==
  /eslint-plugin-only-warn/1.0.2:
    dev: true
    engines:
      node: '>=6'
    resolution:
      integrity: sha512-DCG8vuUynDnyfkm0POT50JoE9VJfbtKf+COHn3q79+ExW4dg9ZWM/hsMWX1mjZqxMjQledL/9TmGipon/vwWmw==
  /eslint-scope/5.1.0:
    dependencies:
      esrecurse: 4.2.1
      estraverse: 4.3.0
    dev: true
    engines:
      node: '>=8.0.0'
    resolution:
      integrity: sha512-iiGRvtxWqgtx5m8EyQUJihBloE4EnYeGE/bz1wSPwJE6tZuJUtHlhqDM4Xj2ukE8Dyy1+HCZ4hE0fzIVMzb58w==
  /eslint-utils/2.1.0:
    dependencies:
      eslint-visitor-keys: 1.3.0
    dev: true
    engines:
      node: '>=6'
    resolution:
      integrity: sha512-w94dQYoauyvlDc43XnGB8lU3Zt713vNChgt4EWwhXAP2XkBvndfxF0AgIqKOOasjPIPzj9JqgwkwbCYD0/V3Zg==
  /eslint-visitor-keys/1.3.0:
    dev: true
    engines:
      node: '>=4'
    resolution:
      integrity: sha512-6J72N8UNa462wa/KFODt/PJ3IU60SDpC3QXC1Hjc1BXXpfL2C9R5+AU7jhe0F6GREqVMh4Juu+NY7xn+6dipUQ==
  /eslint/7.5.0:
    dependencies:
      '@babel/code-frame': 7.10.4
      ajv: 6.12.3
      chalk: 4.1.0
      cross-spawn: 7.0.3
      debug: 4.1.1
      doctrine: 3.0.0
      enquirer: 2.3.6
      eslint-scope: 5.1.0
      eslint-utils: 2.1.0
      eslint-visitor-keys: 1.3.0
      espree: 7.2.0
      esquery: 1.3.1
      esutils: 2.0.3
      file-entry-cache: 5.0.1
      functional-red-black-tree: 1.0.1
      glob-parent: 5.1.1
      globals: 12.4.0
      ignore: 4.0.6
      import-fresh: 3.2.1
      imurmurhash: 0.1.4
      is-glob: 4.0.1
      js-yaml: 3.14.0
      json-stable-stringify-without-jsonify: 1.0.1
      levn: 0.4.1
      lodash: 4.17.19
      minimatch: 3.0.4
      natural-compare: 1.4.0
      optionator: 0.9.1
      progress: 2.0.3
      regexpp: 3.1.0
      semver: 7.3.2
      strip-ansi: 6.0.0
      strip-json-comments: 3.1.1
      table: 5.4.6
      text-table: 0.2.0
      v8-compile-cache: 2.1.1
    dev: true
    engines:
      node: ^10.12.0 || >=12.0.0
    hasBin: true
    resolution:
      integrity: sha512-vlUP10xse9sWt9SGRtcr1LAC67BENcQMFeV+w5EvLEoFe3xJ8cF1Skd0msziRx/VMC+72B4DxreCE+OR12OA6Q==
  /espree/7.2.0:
    dependencies:
      acorn: 7.3.1
      acorn-jsx: 5.2.0_acorn@7.3.1
      eslint-visitor-keys: 1.3.0
    dev: true
    engines:
      node: ^10.12.0 || >=12.0.0
    resolution:
      integrity: sha512-H+cQ3+3JYRMEIOl87e7QdHX70ocly5iW4+dttuR8iYSPr/hXKFb+7dBsZ7+u1adC4VrnPlTkv0+OwuPnDop19g==
  /esprima/4.0.1:
    engines:
      node: '>=4'
    hasBin: true
    resolution:
      integrity: sha512-eGuFFw7Upda+g4p+QHvnW0RyTX/SVeJBDM/gCtMARO0cLuT2HcEKnTPvhjV6aGeqrCB/sbNop0Kszm0jsaWU4A==
  /esquery/1.3.1:
    dependencies:
      estraverse: 5.1.0
    dev: true
    engines:
      node: '>=0.10'
    resolution:
      integrity: sha512-olpvt9QG0vniUBZspVRN6lwB7hOZoTRtT+jzR+tS4ffYx2mzbw+z0XCOk44aaLYKApNX5nMm+E+P6o25ip/DHQ==
  /esrecurse/4.2.1:
    dependencies:
      estraverse: 4.3.0
    dev: true
    engines:
      node: '>=4.0'
    resolution:
      integrity: sha512-64RBB++fIOAXPw3P9cy89qfMlvZEXZkqqJkjqqXIvzP5ezRZjW+lPWjw35UX/3EhUPFYbg5ER4JYgDw4007/DQ==
  /estraverse/4.3.0:
    dev: true
    engines:
      node: '>=4.0'
    resolution:
      integrity: sha512-39nnKffWz8xN1BU/2c79n9nB9HDzo0niYUqx6xyqUnyoAnQyyWpOTdZEeiCch8BBu515t4wp9ZmgVfVhn9EBpw==
  /estraverse/5.1.0:
    dev: true
    engines:
      node: '>=4.0'
    resolution:
      integrity: sha512-FyohXK+R0vE+y1nHLoBM7ZTyqRpqAlhdZHCWIWEviFLiGB8b04H6bQs8G+XTthacvT8VuwvteiP7RJSxMs8UEw==
  /esutils/2.0.3:
    dev: true
    engines:
      node: '>=0.10.0'
    resolution:
      integrity: sha512-kVscqXk4OCp68SZ0dkgEKVi6/8ij300KBWTJq32P/dYeWTSwK41WyTxalN1eRmA5Z9UU/LX9D7FWSmV9SAYx6g==
  /exit/0.1.2:
    dev: false
    engines:
      node: '>= 0.8.0'
    resolution:
      integrity: sha1-BjJjj42HfMghB9MKD/8aF8uhzQw=
  /fast-deep-equal/3.1.3:
    dev: true
    resolution:
      integrity: sha512-f3qQ9oQy9j2AhBe/H9VC91wLmKBCCU/gDOnKNAYG5hswO7BLKj09Hc5HYNz9cGI++xlpDCIgDaitVs03ATR84Q==
  /fast-json-stable-stringify/2.1.0:
    dev: true
    resolution:
      integrity: sha512-lhd/wF+Lk98HZoTCtlVraHtfh5XYijIjalXck7saUtuanSDyLMxnHhSXEDJqHxD7msR8D0uCmqlkwjCV8xvwHw==
  /fast-levenshtein/2.0.6:
    dev: true
    resolution:
      integrity: sha1-PYpcZog6FqMMqGQ+hR8Zuqd5eRc=
  /file-entry-cache/5.0.1:
    dependencies:
      flat-cache: 2.0.1
    dev: true
    engines:
      node: '>=4'
    resolution:
      integrity: sha512-bCg29ictuBaKUwwArK4ouCaqDgLZcysCFLmM/Yn/FDoqndh/9vNuQfXRDvTuXKLxfD/JtZQGKFT8MGcJBK644g==
  /flat-cache/2.0.1:
    dependencies:
      flatted: 2.0.2
      rimraf: 2.6.3
      write: 1.0.3
    dev: true
    engines:
      node: '>=4'
    resolution:
      integrity: sha512-LoQe6yDuUMDzQAEH8sgmh4Md6oZnc/7PjtwjNFSzveXqSHt6ka9fPBuso7IGf9Rz4uqnSnWiFH2B/zj24a5ReA==
  /flatted/2.0.2:
    dev: true
    resolution:
      integrity: sha512-r5wGx7YeOwNWNlCA0wQ86zKyDLMQr+/RB8xy74M4hTphfmjlijTSSXGuH8rnvKZnfT9i+75zmd8jcKdMR4O6jA==
  /fs.realpath/1.0.0:
    resolution:
      integrity: sha1-FQStJSMVjKpA20onh8sBQRmU6k8=
  /functional-red-black-tree/1.0.1:
    dev: true
    resolution:
      integrity: sha1-GwqzvVU7Kg1jmdKcDj6gslIHgyc=
  /glob-parent/5.1.1:
    dependencies:
      is-glob: 4.0.1
    dev: true
    engines:
      node: '>= 6'
    resolution:
      integrity: sha512-FnI+VGOpnlGHWZxthPGR+QhR78fuiK0sNLkHQv+bL9fQi57lNNdquIbna/WrfROrolq8GK5Ek6BiMwqL/voRYQ==
  /glob/7.1.6:
    dependencies:
      fs.realpath: 1.0.0
      inflight: 1.0.6
      inherits: 2.0.4
      minimatch: 3.0.4
      once: 1.4.0
      path-is-absolute: 1.0.1
    resolution:
      integrity: sha512-LwaxwyZ72Lk7vZINtNNrywX0ZuLyStrdDtabefZKAY5ZGJhVtgdznluResxNmPitE0SAO+O26sWTHeKSI2wMBA==
  /globals/12.4.0:
    dependencies:
      type-fest: 0.8.1
    dev: true
    engines:
      node: '>=8'
    resolution:
      integrity: sha512-BWICuzzDvDoH54NHKCseDanAhE3CeDorgDL5MT6LMXXj2WCnd9UC2szdk4AWLfjdgNBCXLUanXYcpBBKOSWGwg==
  /has-flag/3.0.0:
    dev: true
    engines:
      node: '>=4'
    resolution:
      integrity: sha1-tdRU3CGZriJWmfNGfloH87lVuv0=
  /has-flag/4.0.0:
    dev: true
    engines:
      node: '>=8'
    resolution:
      integrity: sha512-EykJT/Q1KjTWctppgIAgfSO0tKVuZUjhgMr17kqTumMl6Afv3EISleU7qZUzoXDFTAHTDC4NOoG/ZxU3EvlMPQ==
  /htmlparser2/3.8.3:
    dependencies:
      domelementtype: 1.3.1
      domhandler: 2.3.0
      domutils: 1.5.1
      entities: 1.0.0
      readable-stream: 1.1.14
    dev: false
    resolution:
      integrity: sha1-mWwosZFRaovoZQGn15dX5ccMEGg=
  /ignore/4.0.6:
    dev: true
    engines:
      node: '>= 4'
    resolution:
      integrity: sha512-cyFDKrqc/YdcWFniJhzI42+AzS+gNwmUzOSFcRCQYwySuBBBy/KjuxWLZ/FHEH6Moq1NizMOBWyTcv8O4OZIMg==
  /import-fresh/3.2.1:
    dependencies:
      parent-module: 1.0.1
      resolve-from: 4.0.0
    dev: true
    engines:
      node: '>=6'
    resolution:
      integrity: sha512-6e1q1cnWP2RXD9/keSkxHScg508CdXqXWgWBaETNhyuBFz+kUZlKboh+ISK+bU++DmbHimVBrOz/zzPe0sZ3sQ==
  /imurmurhash/0.1.4:
    dev: true
    engines:
      node: '>=0.8.19'
    resolution:
      integrity: sha1-khi5srkoojixPcT7a21XbyMUU+o=
  /inflight/1.0.6:
    dependencies:
      once: 1.4.0
      wrappy: 1.0.2
    resolution:
      integrity: sha1-Sb1jMdfQLQwJvJEKEHW6gWW1bfk=
  /inherits/2.0.4:
    resolution:
      integrity: sha512-k/vGaX4/Yla3WzyMCvTQOXYeIHvqOKtnqBduzTHpzpQZzAskKMhZ2K+EnBiSM9zGSoIFeMpXKxa4dYeZIQqewQ==
  /is-extglob/2.1.1:
    dev: true
    engines:
      node: '>=0.10.0'
    resolution:
      integrity: sha1-qIwCU1eR8C7TfHahueqXc8gz+MI=
  /is-fullwidth-code-point/2.0.0:
    dev: true
    engines:
      node: '>=4'
    resolution:
      integrity: sha1-o7MKXE8ZkYMWeqq5O+764937ZU8=
  /is-glob/4.0.1:
    dependencies:
      is-extglob: 2.1.1
    dev: true
    engines:
      node: '>=0.10.0'
    resolution:
      integrity: sha512-5G0tKtBTFImOqDnLB2hG6Bp2qcKEFduo4tZu9MT/H6NQv/ghhy30o55ufafxJ/LdH79LLs2Kfrn85TLKyA7BUg==
  /isarray/0.0.1:
    dev: false
    resolution:
      integrity: sha1-ihis/Kmo9Bd+Cav8YDiTmwXR7t8=
  /isexe/2.0.0:
    dev: true
    resolution:
      integrity: sha1-6PvzdNxVb/iUehDcsFctYz8s+hA=
  /js-tokens/4.0.0:
    dev: true
    resolution:
      integrity: sha512-RdJUflcE3cUzKiMqQgsCu06FPu9UdIJO0beYbPhHN4k6apgJtifcoCtT9bcxOpYBtpD2kCM6Sbzg4CausW/PKQ==
  /js-yaml/3.14.0:
    dependencies:
      argparse: 1.0.10
      esprima: 4.0.1
    hasBin: true
    resolution:
      integrity: sha512-/4IbIeHcD9VMHFqDR/gQ7EdZdLimOvW2DdcxFjdyyZ9NsbS+ccrXqVWDtab/lRl5AlUqmpBx8EhPaWR+OtY17A==
  /jshint/2.11.1:
    dependencies:
      cli: 1.0.1
      console-browserify: 1.1.0
      exit: 0.1.2
      htmlparser2: 3.8.3
      lodash: 4.17.19
      minimatch: 3.0.4
      shelljs: 0.3.0
      strip-json-comments: 1.0.4
    dev: false
    hasBin: true
    resolution:
      integrity: sha512-WXWePB8ssAH3DlD05IoqolsY6arhbll/1+i2JkRPpihQAuiNaR/gSt8VKIcxpV5m6XChP0hCwESQUqpuQMA8Tg==
  /json-schema-traverse/0.4.1:
    dev: true
    resolution:
      integrity: sha512-xbbCH5dCYU5T8LcEhhuh7HJ88HXuW3qsI3Y0zOZFKfZEHcpWiHU/Jxzk629Brsab/mMiHQti9wMP+845RPe3Vg==
  /json-stable-stringify-without-jsonify/1.0.1:
    dev: true
    resolution:
      integrity: sha1-nbe1lJatPzz+8wp1FC0tkwrXJlE=
  /jsonc-parser/2.3.0:
    dev: true
    resolution:
      integrity: sha512-b0EBt8SWFNnixVdvoR2ZtEGa9ZqLhbJnOjezn+WP+8kspFm+PFYDN8Z4Bc7pRlDjvuVcADSUkroIuTWWn/YiIA==
  /levn/0.4.1:
    dependencies:
      prelude-ls: 1.2.1
      type-check: 0.4.0
    dev: true
    engines:
      node: '>= 0.8.0'
    resolution:
      integrity: sha512-+bT2uH4E5LGE7h/n3evcS/sQlJXCpIp6ym8OWJ5eV6+67Dsql/LaaT7qJBAt2rzfoa/5QBGBhxDix1dMt2kQKQ==
  /lodash/4.17.19:
    resolution:
      integrity: sha512-JNvd8XER9GQX0v2qJgsaN/mzFCNA5BRe/j8JN9d+tWyGLSodKQHKFicdwNYzWwI3wjRnaKPsGj1XkBjx/F96DQ==
  /minimatch/3.0.4:
    dependencies:
      brace-expansion: 1.1.11
    resolution:
      integrity: sha512-yJHVQEhyqPLUTgt9B83PXu6W3rx4MvvHvSUvToogpwoGDOUQ+yDrR0HRot+yOCdCO7u4hX3pWft6kWBBcqh0UA==
  /minimist/1.2.5:
    dev: true
    resolution:
      integrity: sha512-FM9nNUYrRBAELZQT3xeZQ7fmMOBg6nWNmJKTcgsJeaLstP/UODVpGsr5OhXhhXg6f+qtJ8uiZ+PUxkDWcgIXLw==
  /mkdirp/0.5.5:
    dependencies:
      minimist: 1.2.5
    dev: true
    hasBin: true
    resolution:
      integrity: sha512-NKmAlESf6jMGym1++R0Ra7wvhV+wFW63FaSOFPwRahvea0gMUcGUhVeAg/0BC0wiv9ih5NYPB1Wn1UEI1/L+xQ==
  /ms/2.1.2:
    dev: true
    resolution:
      integrity: sha512-sGkPx+VjMtmA6MX27oA4FBFELFCZZ4S4XqeGOXCv68tT+jb3vk/RyaKWP0PTKyWtmLSM0b+adUTEvbs1PEaH2w==
  /natural-compare/1.4.0:
    dev: true
    resolution:
      integrity: sha1-Sr6/7tdUHywnrPspvbvRXI1bpPc=
  /once/1.4.0:
    dependencies:
      wrappy: 1.0.2
    resolution:
      integrity: sha1-WDsap3WWHUsROsF9nFC6753Xa9E=
  /optionator/0.9.1:
    dependencies:
      deep-is: 0.1.3
      fast-levenshtein: 2.0.6
      levn: 0.4.1
      prelude-ls: 1.2.1
      type-check: 0.4.0
      word-wrap: 1.2.3
    dev: true
    engines:
      node: '>= 0.8.0'
    resolution:
      integrity: sha512-74RlY5FCnhq4jRxVUPKDaRwrVNXMqsGsiW6AJw4XK8hmtm10wC0ypZBLw5IIp85NZMr91+qd1RvvENwg7jjRFw==
  /parent-module/1.0.1:
    dependencies:
      callsites: 3.1.0
    dev: true
    engines:
      node: '>=6'
    resolution:
      integrity: sha512-GQ2EWRpQV8/o+Aw8YqtfZZPfNRWZYkbidE9k5rpl/hC3vtHHBfGm2Ifi6qWV+coDGkrUKZAxE3Lot5kcsRlh+g==
  /path-is-absolute/1.0.1:
    engines:
      node: '>=0.10.0'
    resolution:
      integrity: sha1-F0uSaHNVNP+8es5r9TpanhtcX18=
  /path-key/3.1.1:
    dev: true
    engines:
      node: '>=8'
    resolution:
      integrity: sha512-ojmeN0qd+y0jszEtoY48r0Peq5dwMEkIlCOu6Q5f41lfkswXuKtYrhgoTpLnyIcHm24Uhqx+5Tqm2InSwLhE6Q==
  /path-parse/1.0.6:
    dev: true
    resolution:
      integrity: sha512-GSmOT2EbHrINBf9SR7CDELwlJ8AENk3Qn7OikK4nFYAu3Ote2+JYNVvkpAEQm3/TLNEJFD/xZJjzyxg3KBWOzw==
  /prelude-ls/1.2.1:
    dev: true
    engines:
      node: '>= 0.8.0'
    resolution:
      integrity: sha512-vkcDPrRZo1QZLbn5RLGPpg/WmIQ65qoWWhcGKf/b5eplkkarX0m9z8ppCat4mlOqUsWpyNuYgO3VRyrYHSzX5g==
  /prettier/2.0.5:
    dev: true
    engines:
      node: '>=10.13.0'
    hasBin: true
    resolution:
      integrity: sha512-7PtVymN48hGcO4fGjybyBSIWDsLU4H4XlvOHfq91pz9kkGlonzwTfYkaIEwiRg/dAJF9YlbsduBAgtYLi+8cFg==
  /progress/2.0.3:
    dev: true
    engines:
      node: '>=0.4.0'
    resolution:
      integrity: sha512-7PiHtLll5LdnKIMw100I+8xJXR5gW2QwWYkT6iJva0bXitZKa/XMrSbdmg3r2Xnaidz9Qumd0VPaMrZlF9V9sA==
  /punycode/2.1.1:
    dev: true
    engines:
      node: '>=6'
    resolution:
      integrity: sha512-XRsRjdf+j5ml+y/6GKHPZbrF/8p2Yga0JPtdqTIY2Xe5ohJPD9saDJJLPvp9+NSBprVvevdXZybnj2cv8OEd0A==
  /readable-stream/1.1.14:
    dependencies:
      core-util-is: 1.0.2
      inherits: 2.0.4
      isarray: 0.0.1
      string_decoder: 0.10.31
    dev: false
    resolution:
      integrity: sha1-fPTFTvZI44EwhMY23SB54WbAgdk=
  /regexpp/3.1.0:
    dev: true
    engines:
      node: '>=8'
    resolution:
      integrity: sha512-ZOIzd8yVsQQA7j8GCSlPGXwg5PfmA1mrq0JP4nGhh54LaKN3xdai/vHUDu74pKwV8OxseMS65u2NImosQcSD0Q==
  /resolve-from/4.0.0:
    dev: true
    engines:
      node: '>=4'
    resolution:
      integrity: sha512-pb/MYmXstAkysRFx8piNI1tGFNQIFA3vkE3Gq4EuA1dF6gHp/+vgZqsCGJapvy8N3Q+4o7FwvquPJcnZ7RYy4g==
  /resolve/1.17.0:
    dependencies:
      path-parse: 1.0.6
    dev: true
    resolution:
      integrity: sha512-ic+7JYiV8Vi2yzQGFWOkiZD5Z9z7O2Zhm9XMaTxdJExKasieFCr+yXZ/WmXsckHiKl12ar0y6XiXDx3m4RHn1w==
  /rimraf/2.6.3:
    dependencies:
      glob: 7.1.6
    dev: true
    hasBin: true
    resolution:
      integrity: sha512-mwqeW5XsA2qAejG46gYdENaxXjx9onRNCfn7L0duuP4hCuTIi/QO7PDK07KJfp1d+izWPrzEJDcSqBa0OZQriA==
  /semver/5.7.1:
    dev: true
    hasBin: true
    resolution:
      integrity: sha512-sauaDf/PZdVgrLTNYHRtpXa1iRiKcaebiKQ1BJdpQlWH2lCvexQdX55snPFyK7QzpudqbCI0qXFfOasHdyNDGQ==
  /semver/7.3.2:
    dev: true
    engines:
      node: '>=10'
    hasBin: true
    resolution:
      integrity: sha512-OrOb32TeeambH6UrhtShmF7CRDqhL6/5XpPNp2DuRH6+9QLw/orhp72j87v8Qa1ScDkvrrBNpZcDejAirJmfXQ==
  /shebang-command/2.0.0:
    dependencies:
      shebang-regex: 3.0.0
    dev: true
    engines:
      node: '>=8'
    resolution:
      integrity: sha512-kHxr2zZpYtdmrN1qDjrrX/Z1rR1kG8Dx+gkpK1G4eXmvXswmcE1hTWBWYUzlraYw1/yZp6YuDY77YtvbN0dmDA==
  /shebang-regex/3.0.0:
    dev: true
    engines:
      node: '>=8'
    resolution:
      integrity: sha512-7++dFhtcx3353uBaq8DDR4NuxBetBzC7ZQOhmTQInHEd6bSrXdiEyzCvG07Z44UYdLShWUyXt5M/yhz8ekcb1A==
  /shelljs/0.3.0:
    dev: false
    engines:
      node: '>=0.8.0'
    hasBin: true
    resolution:
      integrity: sha1-NZbmMHp4FUT1kfN9phg2DzHbV7E=
  /slice-ansi/2.1.0:
    dependencies:
      ansi-styles: 3.2.1
      astral-regex: 1.0.0
      is-fullwidth-code-point: 2.0.0
    dev: true
    engines:
      node: '>=6'
    resolution:
      integrity: sha512-Qu+VC3EwYLldKa1fCxuuvULvSJOKEgk9pi8dZeCVK7TqBfUNTH4sFkk4joj8afVSfAYgJoSOetjx9QWOJ5mYoQ==
  /sprintf-js/1.0.3:
    resolution:
      integrity: sha1-BOaSb2YolTVPPdAVIDYzuFcpfiw=
  /string-width/3.1.0:
    dependencies:
      emoji-regex: 7.0.3
      is-fullwidth-code-point: 2.0.0
      strip-ansi: 5.2.0
    dev: true
    engines:
      node: '>=6'
    resolution:
      integrity: sha512-vafcv6KjVZKSgz06oM/H6GDBrAtz8vdhQakGjFIvNrHA6y3HCF1CInLy+QLq8dTJPQ1b+KDUqDFctkdRW44e1w==
  /string_decoder/0.10.31:
    dev: false
    resolution:
      integrity: sha1-YuIDvEF2bGwoyfyEMB2rHFMQ+pQ=
  /strip-ansi/5.2.0:
    dependencies:
      ansi-regex: 4.1.0
    dev: true
    engines:
      node: '>=6'
    resolution:
      integrity: sha512-DuRs1gKbBqsMKIZlrffwlug8MHkcnpjs5VPmL1PAh+mA30U0DTotfDZ0d2UUsXpPmPmMMJ6W773MaA3J+lbiWA==
  /strip-ansi/6.0.0:
    dependencies:
      ansi-regex: 5.0.0
    dev: true
    engines:
      node: '>=8'
    resolution:
      integrity: sha512-AuvKTrTfQNYNIctbR1K/YGTR1756GycPsg7b9bdV9Duqur4gv6aKqHXah67Z8ImS7WEz5QVcOtlfW2rZEugt6w==
  /strip-json-comments/1.0.4:
    dev: false
    engines:
      node: '>=0.8.0'
    hasBin: true
    resolution:
      integrity: sha1-HhX7ysl9Pumb8tc7TGVrCCu6+5E=
  /strip-json-comments/3.1.1:
    dev: true
    engines:
      node: '>=8'
    resolution:
      integrity: sha512-6fPc+R4ihwqP6N/aIv2f1gMH8lOVtWQHoqC4yK6oSDVVocumAsfCqjkXnqiYMhmMwS/mEHLp7Vehlt3ql6lEig==
  /supports-color/5.5.0:
    dependencies:
      has-flag: 3.0.0
    dev: true
    engines:
      node: '>=4'
    resolution:
      integrity: sha512-QjVjwdXIt408MIiAqCX4oUKsgU2EqAGzs2Ppkm4aQYbjm+ZEWEcW4SfFNTr4uMNZma0ey4f5lgLrkB0aX0QMow==
  /supports-color/7.1.0:
    dependencies:
      has-flag: 4.0.0
    dev: true
    engines:
      node: '>=8'
    resolution:
      integrity: sha512-oRSIpR8pxT1Wr2FquTNnGet79b3BWljqOuoW/h4oBhxJ/HUbX5nX6JSruTkvXDCFMwDPvsaTTbvMLKZWSy0R5g==
  /table/5.4.6:
    dependencies:
      ajv: 6.12.3
      lodash: 4.17.19
      slice-ansi: 2.1.0
      string-width: 3.1.0
    dev: true
    engines:
      node: '>=6.0.0'
    resolution:
      integrity: sha512-wmEc8m4fjnob4gt5riFRtTu/6+4rSe12TpAELNSqHMfF3IqnA+CH37USM6/YR3qRZv7e56kAEAtd6nKZaxe0Ug==
  /text-table/0.2.0:
    dev: true
    resolution:
      integrity: sha1-f17oI66AUgfACvLfSoTsP8+lcLQ=
  /tslib/1.13.0:
    dev: true
    resolution:
      integrity: sha512-i/6DQjL8Xf3be4K/E6Wgpekn5Qasl1usyw++dAA35Ue5orEn65VIxOA+YvNNl9HV3qv70T7CNwjODHZrLwvd1Q==
  /tslint/6.1.2_typescript@3.9.7:
    dependencies:
      '@babel/code-frame': 7.10.4
      builtin-modules: 1.1.1
      chalk: 2.4.2
      commander: 2.20.3
      diff: 4.0.2
      glob: 7.1.6
      js-yaml: 3.14.0
      minimatch: 3.0.4
      mkdirp: 0.5.5
      resolve: 1.17.0
      semver: 5.7.1
      tslib: 1.13.0
      tsutils: 2.29.0_typescript@3.9.7
      typescript: 3.9.7
    deprecated: 'TSLint has been deprecated in favor of ESLint. Please see https://github.com/palantir/tslint/issues/4534 for more information.'
    dev: true
    engines:
      node: '>=4.8.0'
    hasBin: true
    peerDependencies:
      typescript: '>=2.3.0-dev || >=2.4.0-dev || >=2.5.0-dev || >=2.6.0-dev || >=2.7.0-dev || >=2.8.0-dev || >=2.9.0-dev || >=3.0.0-dev || >= 3.1.0-dev || >= 3.2.0-dev'
    resolution:
      integrity: sha512-UyNrLdK3E0fQG/xWNqAFAC5ugtFyPO4JJR1KyyfQAyzR8W0fTRrC91A8Wej4BntFzcvETdCSDa/4PnNYJQLYiA==
  /tsutils/2.29.0_typescript@3.9.7:
    dependencies:
      tslib: 1.13.0
      typescript: 3.9.7
    dev: true
    peerDependencies:
      typescript: '>=2.1.0 || >=2.1.0-dev || >=2.2.0-dev || >=2.3.0-dev || >=2.4.0-dev || >=2.5.0-dev || >=2.6.0-dev || >=2.7.0-dev || >=2.8.0-dev || >=2.9.0-dev || >= 3.0.0-dev || >= 3.1.0-dev'
    resolution:
      integrity: sha512-g5JVHCIJwzfISaXpXE1qvNalca5Jwob6FjI4AoPlqMusJ6ftFE7IkkFoMhVLRgK+4Kx3gkzb8UZK5t5yTTvEmA==
  /tsutils/3.17.1_typescript@3.9.7:
    dependencies:
      tslib: 1.13.0
      typescript: 3.9.7
    dev: true
    engines:
      node: '>= 6'
    peerDependencies:
      typescript: '>=2.8.0 || >= 3.2.0-dev || >= 3.3.0-dev || >= 3.4.0-dev || >= 3.5.0-dev || >= 3.6.0-dev || >= 3.6.0-beta || >= 3.7.0-dev || >= 3.7.0-beta'
    resolution:
      integrity: sha512-kzeQ5B8H3w60nFY2g8cJIuH7JDpsALXySGtwGJ0p2LSjLgay3NdIpqq5SoOBe46bKDW2iq25irHCr8wjomUS2g==
  /type-check/0.4.0:
    dependencies:
      prelude-ls: 1.2.1
    dev: true
    engines:
      node: '>= 0.8.0'
    resolution:
      integrity: sha512-XleUoc9uwGXqjWwXaUTZAmzMcFZ5858QA2vvx1Ur5xIcixXIP+8LnFDgRplU30us6teqdlskFfu+ae4K79Ooew==
  /type-fest/0.8.1:
    dev: true
    engines:
      node: '>=8'
    resolution:
      integrity: sha512-4dbzIzqvjtgiM5rw1k5rEHtBANKmdudhGyBEajN01fEyhaAIhsoKNy6y7+IN93IfpFtwY9iqi7kD+xwKhQsNJA==
  /typescript/3.9.7:
    dev: true
    engines:
      node: '>=4.2.0'
    hasBin: true
    resolution:
      integrity: sha512-BLbiRkiBzAwsjut4x/dsibSTB6yWpwT5qWmC2OfuCg3GgVQCSgMs4vEctYPhsaGtd0AeuuHMkjZ2h2WG8MSzRw==
  /uri-js/4.2.2:
    dependencies:
      punycode: 2.1.1
    dev: true
    resolution:
      integrity: sha512-KY9Frmirql91X2Qgjry0Wd4Y+YTdrdZheS8TFwvkbLWf/G5KNJDCh6pKL5OZctEW4+0Baa5idK2ZQuELRwPznQ==
  /v8-compile-cache/2.1.1:
    dev: true
    resolution:
      integrity: sha512-8OQ9CL+VWyt3JStj7HX7/ciTL2V3Rl1Wf5OL+SNTm0yK1KvtReVulksyeRnCANHHuUxHlQig+JJDlUhBt1NQDQ==
  /vscode-json-languageservice/3.7.0:
    dependencies:
      jsonc-parser: 2.3.0
      vscode-languageserver-textdocument: 1.0.1
      vscode-languageserver-types: 3.15.1
      vscode-nls: 4.1.2
      vscode-uri: 2.1.2
    dev: true
    resolution:
      integrity: sha512-nGLqcBhTjdfkl8Dz9sYGK/ZCTjscYFoIjYw+qqkWB+vyNfM0k/AyIoT73DQvB/PArteCKjEVfQUF72GRZEDSbQ==
  /vscode-languageserver-textdocument/1.0.1:
    dev: true
    resolution:
      integrity: sha512-UIcJDjX7IFkck7cSkNNyzIz5FyvpQfY7sdzVy+wkKN/BLaD4DQ0ppXQrKePomCxTS7RrolK1I0pey0bG9eh8dA==
  /vscode-languageserver-types/3.15.1:
    dev: true
    resolution:
      integrity: sha512-+a9MPUQrNGRrGU630OGbYVQ+11iOIovjCkqxajPa9w57Sd5ruK8WQNsslzpa0x/QJqC8kRc2DUxWjIFwoNm4ZQ==
  /vscode-nls/4.1.2:
    dev: true
    resolution:
      integrity: sha512-7bOHxPsfyuCqmP+hZXscLhiHwe7CSuFE4hyhbs22xPIhQ4jv99FcR4eBzfYYVLP356HNFpdvz63FFb/xw6T4Iw==
  /vscode-uri/2.1.2:
    dev: true
    resolution:
      integrity: sha512-8TEXQxlldWAuIODdukIb+TR5s+9Ds40eSJrw+1iDDA9IFORPjMELarNQE3myz5XIkWWpdprmJjm1/SxMlWOC8A==
  /which/2.0.2:
    dependencies:
      isexe: 2.0.0
    dev: true
    engines:
      node: '>= 8'
    hasBin: true
    resolution:
      integrity: sha512-BLI3Tl1TW3Pvl70l3yq3Y64i+awpwXqsGBYWkkqMtnbXgrMD+yj7rhW0kuEDxzJaYXGjEW5ogapKNMEKNMjibA==
  /word-wrap/1.2.3:
    dev: true
    engines:
      node: '>=0.10.0'
    resolution:
      integrity: sha512-Hz/mrNwitNRh/HUAtM/VT/5VH+ygD6DV7mYKZAtHOrbs8U7lvPS6xf7EJKMF0uW1KJCl0H701g3ZGus+muE5vQ==
  /wrappy/1.0.2:
    resolution:
      integrity: sha1-tSQ9jz7BqjXxNkYFvA0QNuMKtp8=
  /write/1.0.3:
    dependencies:
      mkdirp: 0.5.5
    dev: true
    engines:
      node: '>=4'
    resolution:
      integrity: sha512-/lg70HAjtkUgWPVZhZcm+T4hkL8Zbtp1nFNOn3lRrxnlv50SRBv7cR7RqR+GMsd3hUXy9hWBo4CHTbFTcOYwig==
specifiers:
  '@types/eslint': latest
  '@types/js-yaml': ^3.12.4
  '@typescript-eslint/eslint-plugin': latest
  '@typescript-eslint/parser': latest
  eslint: latest
  eslint-plugin-eslint-plugin: latest
  eslint-plugin-json: ^2.1.1
  eslint-plugin-only-warn: latest
  js-yaml: ^3.14.0
  jshint: ^2.11.1
  prettier: latest
  tslint: latest
  typescript: latest
